{
  "name": "server",
  "lockfileVersion": 3,
  "requires": true,
  "packages": {
    "": {
      "dependencies": {
        "creando-lazos-server": "file:.."
      }
    },
    "..": {
      "name": "creando-lazos-server",
      "version": "0.1.0",
      "dependencies": {
        "@prisma/client": "^5.18.0",
        "bcrypt": "^5.1.1",
        "cors": "^2.8.5",
        "dotenv": "^16.4.5",
        "express": "^4.19.2",
        "jsonwebtoken": "^9.0.2",
        "zod": "^3.23.8"
      },
      "devDependencies": {
        "cross-env": "^7.0.3",
        "dotenv-cli": "^7.4.2",
        "prisma": "^5.18.0",
        "tsx": "^4.19.0",
        "typescript": "^5.6.3"
      }
    },
    "node_modules/creando-lazos-server": {
      "resolved": "..",
      "link": true
    }
  }
}
